{
    "name": "hivepress",
    "lockfileVersion": 2,
    "requires": true,
    "packages": {
        "": {
            "dependencies": {
                "flatpickr": "^4.6.13",
                "intl-tel-input": "^17.0.19"
            }
        },
        "node_modules/flatpickr": {
            "version": "4.6.13",
            "resolved": "https://registry.npmjs.org/flatpickr/-/flatpickr-4.6.13.tgz",
            "integrity": "sha512-97PMG/aywoYpB4IvbvUJi0RQi8vearvU0oov1WW3k0WZPBMrTQVqekSX5CjSG/M4Q3i6A/0FKXC7RyAoAUUSPw=="
        },
        "node_modules/intl-tel-input": {
            "version": "17.0.19",
            "resolved": "https://registry.npmjs.org/intl-tel-input/-/intl-tel-input-17.0.19.tgz",
            "integrity": "sha512-GBNoUT4JVgm2e1N+yFMaBQ24g5EQfZhDznGneCM9IEZwfKsMUAUa1dS+v0wOiKpRAZ5IPNLJMIEEFGgqlCI22A=="
        }
    },
    "dependencies": {
        "flatpickr": {
            "version": "4.6.13",
            "resolved": "https://registry.npmjs.org/flatpickr/-/flatpickr-4.6.13.tgz",
            "integrity": "sha512-97PMG/aywoYpB4IvbvUJi0RQi8vearvU0oov1WW3k0WZPBMrTQVqekSX5CjSG/M4Q3i6A/0FKXC7RyAoAUUSPw=="
        },
        "intl-tel-input": {
            "version": "17.0.19",
            "resolved": "https://registry.npmjs.org/intl-tel-input/-/intl-tel-input-17.0.19.tgz",
            "integrity": "sha512-GBNoUT4JVgm2e1N+yFMaBQ24g5EQfZhDznGneCM9IEZwfKsMUAUa1dS+v0wOiKpRAZ5IPNLJMIEEFGgqlCI22A=="
        }
    }
}
