{
    "name": "hivepress",
    "version": "1.0.0",
    "lockfileVersion": 2,
    "requires": true,
    "packages": {
        "": {
            "name": "hivepress",
            "version": "1.0.0",
            "license": "GPL-3.0",
            "dependencies": {
                "flatpickr": "^4.6.13",
                "intl-tel-input": "^17.0.19",
                "php-date-formatter": "^1.3.6",
                "select2": "^4.1.0-rc.0",
                "slick-carousel": "^1.8.1"
            }
        },
        "node_modules/flatpickr": {
            "version": "4.6.13",
            "resolved": "https://registry.npmjs.org/flatpickr/-/flatpickr-4.6.13.tgz",
            "integrity": "sha512-97PMG/aywoYpB4IvbvUJi0RQi8vearvU0oov1WW3k0WZPBMrTQVqekSX5CjSG/M4Q3i6A/0FKXC7RyAoAUUSPw=="
        },
        "node_modules/intl-tel-input": {
            "version": "17.0.19",
            "resolved": "https://registry.npmjs.org/intl-tel-input/-/intl-tel-input-17.0.19.tgz",
            "integrity": "sha512-GBNoUT4JVgm2e1N+yFMaBQ24g5EQfZhDznGneCM9IEZwfKsMUAUa1dS+v0wOiKpRAZ5IPNLJMIEEFGgqlCI22A=="
        },
        "node_modules/jquery": {
            "version": "3.6.1",
            "resolved": "https://registry.npmjs.org/jquery/-/jquery-3.6.1.tgz",
            "integrity": "sha512-opJeO4nCucVnsjiXOE+/PcCgYw9Gwpvs/a6B1LL/lQhwWwpbVEVYDZ1FokFr8PRc7ghYlrFPuyHuiiDNTQxmcw==",
            "peer": true
        },
        "node_modules/php-date-formatter": {
            "version": "1.3.6",
            "resolved": "https://registry.npmjs.org/php-date-formatter/-/php-date-formatter-1.3.6.tgz",
            "integrity": "sha512-/CKsZYmAwXeNh8KpD/CF9hcJDZNhdb2ICN8+qgqOt5sUu9liZIxZ1R284TNj5MtPt8RjG5X0xn6WSqL0kcKMBg=="
        },
        "node_modules/select2": {
            "version": "4.1.0-rc.0",
            "resolved": "https://registry.npmjs.org/select2/-/select2-4.1.0-rc.0.tgz",
            "integrity": "sha512-Hr9TdhyHCZUtwznEH2CBf7967mEM0idtJ5nMtjvk3Up5tPukOLXbHUNmh10oRfeNIhj+3GD3niu+g6sVK+gK0A=="
        },
        "node_modules/slick-carousel": {
            "version": "1.8.1",
            "resolved": "https://registry.npmjs.org/slick-carousel/-/slick-carousel-1.8.1.tgz",
            "integrity": "sha512-XB9Ftrf2EEKfzoQXt3Nitrt/IPbT+f1fgqBdoxO3W/+JYvtEOW6EgxnWfr9GH6nmULv7Y2tPmEX3koxThVmebA==",
            "peerDependencies": {
                "jquery": ">=1.8.0"
            }
        }
    },
    "dependencies": {
        "flatpickr": {
            "version": "4.6.13",
            "resolved": "https://registry.npmjs.org/flatpickr/-/flatpickr-4.6.13.tgz",
            "integrity": "sha512-97PMG/aywoYpB4IvbvUJi0RQi8vearvU0oov1WW3k0WZPBMrTQVqekSX5CjSG/M4Q3i6A/0FKXC7RyAoAUUSPw=="
        },
        "intl-tel-input": {
            "version": "17.0.19",
            "resolved": "https://registry.npmjs.org/intl-tel-input/-/intl-tel-input-17.0.19.tgz",
            "integrity": "sha512-GBNoUT4JVgm2e1N+yFMaBQ24g5EQfZhDznGneCM9IEZwfKsMUAUa1dS+v0wOiKpRAZ5IPNLJMIEEFGgqlCI22A=="
        },
        "jquery": {
            "version": "3.6.1",
            "resolved": "https://registry.npmjs.org/jquery/-/jquery-3.6.1.tgz",
            "integrity": "sha512-opJeO4nCucVnsjiXOE+/PcCgYw9Gwpvs/a6B1LL/lQhwWwpbVEVYDZ1FokFr8PRc7ghYlrFPuyHuiiDNTQxmcw==",
            "peer": true
        },
        "php-date-formatter": {
            "version": "1.3.6",
            "resolved": "https://registry.npmjs.org/php-date-formatter/-/php-date-formatter-1.3.6.tgz",
            "integrity": "sha512-/CKsZYmAwXeNh8KpD/CF9hcJDZNhdb2ICN8+qgqOt5sUu9liZIxZ1R284TNj5MtPt8RjG5X0xn6WSqL0kcKMBg=="
        },
        "select2": {
            "version": "4.1.0-rc.0",
            "resolved": "https://registry.npmjs.org/select2/-/select2-4.1.0-rc.0.tgz",
            "integrity": "sha512-Hr9TdhyHCZUtwznEH2CBf7967mEM0idtJ5nMtjvk3Up5tPukOLXbHUNmh10oRfeNIhj+3GD3niu+g6sVK+gK0A=="
        },
        "slick-carousel": {
            "version": "1.8.1",
            "resolved": "https://registry.npmjs.org/slick-carousel/-/slick-carousel-1.8.1.tgz",
            "integrity": "sha512-XB9Ftrf2EEKfzoQXt3Nitrt/IPbT+f1fgqBdoxO3W/+JYvtEOW6EgxnWfr9GH6nmULv7Y2tPmEX3koxThVmebA==",
            "requires": {}
        }
    }
}
